// !$*UTF8*$!
{
	archiveVersion = 1;
	classes = {
	};
	objectVersion = 48;
	objects = {

/* Begin PBXBuildFile section */
		32F3C7001DC6CAD600AB39B0 /* FirebaseAnalytics.framework in Frameworks */ = {isa = PBXBuildFile; fileRef = 32F3C6F81DC6CAD600AB39B0 /* FirebaseAnalytics.framework */; };
		32F3C7011DC6CAD600AB39B0 /* FirebaseCore.framework in Frameworks */ = {isa = PBXBuildFile; fileRef = 32F3C6F91DC6CAD600AB39B0 /* FirebaseCore.framework */; };
		32F3C7021DC6CAD600AB39B0 /* FirebaseDatabase.framework in Frameworks */ = {isa = PBXBuildFile; fileRef = 32F3C6FA1DC6CAD600AB39B0 /* FirebaseDatabase.framework */; };
		32F3C7031DC6CAD600AB39B0 /* FirebaseInstanceID.framework in Frameworks */ = {isa = PBXBuildFile; fileRef = 32F3C6FB1DC6CAD600AB39B0 /* FirebaseInstanceID.framework */; };
		32F3C7041DC6CAD600AB39B0 /* GoogleInterchangeUtilities.framework in Frameworks */ = {isa = PBXBuildFile; fileRef = 32F3C6FC1DC6CAD600AB39B0 /* GoogleInterchangeUtilities.framework */; };
		32F3C7051DC6CAD600AB39B0 /* GoogleSymbolUtilities.framework in Frameworks */ = {isa = PBXBuildFile; fileRef = 32F3C6FD1DC6CAD600AB39B0 /* GoogleSymbolUtilities.framework */; };
		32F3C7061DC6CAD600AB39B0 /* GoogleToolboxForMac.framework in Frameworks */ = {isa = PBXBuildFile; fileRef = 32F3C6FE1DC6CAD600AB39B0 /* GoogleToolboxForMac.framework */; };
		32F3C7171DC6CBDD00AB39B0 /* AppDelegate.swift in Sources */ = {isa = PBXBuildFile; fileRef = 32F3C70C1DC6CBDD00AB39B0 /* AppDelegate.swift */; };
		32F3C7181DC6CBDD00AB39B0 /* Assets.xcassets in Resources */ = {isa = PBXBuildFile; fileRef = 32F3C70D1DC6CBDD00AB39B0 /* Assets.xcassets */; };
		32F3C7191DC6CBDD00AB39B0 /* CheckoutViewController.swift in Sources */ = {isa = PBXBuildFile; fileRef = 32F3C70E1DC6CBDD00AB39B0 /* CheckoutViewController.swift */; };
		32F3C71A1DC6CBDD00AB39B0 /* ChoiceViewController.swift in Sources */ = {isa = PBXBuildFile; fileRef = 32F3C70F1DC6CBDD00AB39B0 /* ChoiceViewController.swift */; };
		32F3C71B1DC6CBDD00AB39B0 /* GoogleService-Info.plist in Resources */ = {isa = PBXBuildFile; fileRef = 32F3C7101DC6CBDD00AB39B0 /* GoogleService-Info.plist */; };
		32F3C71D1DC6CBDD00AB39B0 /* LaunchScreen.storyboard in Resources */ = {isa = PBXBuildFile; fileRef = 32F3C7121DC6CBDD00AB39B0 /* LaunchScreen.storyboard */; };
		32F3C71E1DC6CBDD00AB39B0 /* Main.storyboard in Resources */ = {isa = PBXBuildFile; fileRef = 32F3C7131DC6CBDD00AB39B0 /* Main.storyboard */; };
		32F3C71F1DC6CBDD00AB39B0 /* MenuViewController.swift in Sources */ = {isa = PBXBuildFile; fileRef = 32F3C7141DC6CBDD00AB39B0 /* MenuViewController.swift */; };
		32F3C7201DC6CBDD00AB39B0 /* Order.swift in Sources */ = {isa = PBXBuildFile; fileRef = 32F3C7151DC6CBDD00AB39B0 /* Order.swift */; };
		32F3C7211DC6CBDD00AB39B0 /* SelectionViewController.swift in Sources */ = {isa = PBXBuildFile; fileRef = 32F3C7161DC6CBDD00AB39B0 /* SelectionViewController.swift */; };
/* End PBXBuildFile section */

/* Begin PBXFileReference section */
		32F3C6F71DC6CAD600AB39B0 /* Firebase.h */ = {isa = PBXFileReference; fileEncoding = 4; lastKnownFileType = sourcecode.c.h; name = Firebase.h; path = Firebase/Firebase.h; sourceTree = "<group>"; };
		32F3C6F81DC6CAD600AB39B0 /* FirebaseAnalytics.framework */ = {isa = PBXFileReference; lastKnownFileType = wrapper.framework; name = FirebaseAnalytics.framework; path = Firebase/FirebaseAnalytics.framework; sourceTree = "<group>"; };
		32F3C6F91DC6CAD600AB39B0 /* FirebaseCore.framework */ = {isa = PBXFileReference; lastKnownFileType = wrapper.framework; name = FirebaseCore.framework; path = Firebase/FirebaseCore.framework; sourceTree = "<group>"; };
		32F3C6FA1DC6CAD600AB39B0 /* FirebaseDatabase.framework */ = {isa = PBXFileReference; lastKnownFileType = wrapper.framework; name = FirebaseDatabase.framework; path = Firebase/FirebaseDatabase.framework; sourceTree = "<group>"; };
		32F3C6FB1DC6CAD600AB39B0 /* FirebaseInstanceID.framework */ = {isa = PBXFileReference; lastKnownFileType = wrapper.framework; name = FirebaseInstanceID.framework; path = Firebase/FirebaseInstanceID.framework; sourceTree = "<group>"; };
		32F3C6FC1DC6CAD600AB39B0 /* GoogleInterchangeUtilities.framework */ = {isa = PBXFileReference; lastKnownFileType = wrapper.framework; name = GoogleInterchangeUtilities.framework; path = Firebase/GoogleInterchangeUtilities.framework; sourceTree = "<group>"; };
		32F3C6FD1DC6CAD600AB39B0 /* GoogleSymbolUtilities.framework */ = {isa = PBXFileReference; lastKnownFileType = wrapper.framework; name = GoogleSymbolUtilities.framework; path = Firebase/GoogleSymbolUtilities.framework; sourceTree = "<group>"; };
		32F3C6FE1DC6CAD600AB39B0 /* GoogleToolboxForMac.framework */ = {isa = PBXFileReference; lastKnownFileType = wrapper.framework; name = GoogleToolboxForMac.framework; path = Firebase/GoogleToolboxForMac.framework; sourceTree = "<group>"; };
		32F3C6FF1DC6CAD600AB39B0 /* module.modulemap */ = {isa = PBXFileReference; fileEncoding = 4; lastKnownFileType = "sourcecode.module-map"; name = module.modulemap; path = Firebase/module.modulemap; sourceTree = "<group>"; };
		32F3C7091DC6CB4400AB39B0 /* DeliDash-Bridging-Header.h */ = {isa = PBXFileReference; lastKnownFileType = sourcecode.c.h; path = "DeliDash-Bridging-Header.h"; sourceTree = "<group>"; };
		32F3C70C1DC6CBDD00AB39B0 /* AppDelegate.swift */ = {isa = PBXFileReference; fileEncoding = 4; lastKnownFileType = sourcecode.swift; path = AppDelegate.swift; sourceTree = "<group>"; };
		32F3C70D1DC6CBDD00AB39B0 /* Assets.xcassets */ = {isa = PBXFileReference; lastKnownFileType = folder.assetcatalog; path = Assets.xcassets; sourceTree = "<group>"; };
		32F3C70E1DC6CBDD00AB39B0 /* CheckoutViewController.swift */ = {isa = PBXFileReference; fileEncoding = 4; lastKnownFileType = sourcecode.swift; path = CheckoutViewController.swift; sourceTree = "<group>"; };
		32F3C70F1DC6CBDD00AB39B0 /* ChoiceViewController.swift */ = {isa = PBXFileReference; fileEncoding = 4; lastKnownFileType = sourcecode.swift; path = ChoiceViewController.swift; sourceTree = "<group>"; usesTabs = 1; };
		32F3C7101DC6CBDD00AB39B0 /* GoogleService-Info.plist */ = {isa = PBXFileReference; fileEncoding = 4; lastKnownFileType = text.plist.xml; path = "GoogleService-Info.plist"; sourceTree = "<group>"; };
		32F3C7111DC6CBDD00AB39B0 /* Info.plist */ = {isa = PBXFileReference; fileEncoding = 4; lastKnownFileType = text.plist.xml; path = Info.plist; sourceTree = "<group>"; };
		32F3C7121DC6CBDD00AB39B0 /* LaunchScreen.storyboard */ = {isa = PBXFileReference; fileEncoding = 4; lastKnownFileType = file.storyboard; path = LaunchScreen.storyboard; sourceTree = "<group>"; };
		32F3C7131DC6CBDD00AB39B0 /* Main.storyboard */ = {isa = PBXFileReference; fileEncoding = 4; lastKnownFileType = file.storyboard; path = Main.storyboard; sourceTree = "<group>"; };
		32F3C7141DC6CBDD00AB39B0 /* MenuViewController.swift */ = {isa = PBXFileReference; fileEncoding = 4; lastKnownFileType = sourcecode.swift; path = MenuViewController.swift; sourceTree = "<group>"; };
		32F3C7151DC6CBDD00AB39B0 /* Order.swift */ = {isa = PBXFileReference; fileEncoding = 4; lastKnownFileType = sourcecode.swift; path = Order.swift; sourceTree = "<group>"; };
		32F3C7161DC6CBDD00AB39B0 /* SelectionViewController.swift */ = {isa = PBXFileReference; fileEncoding = 4; lastKnownFileType = sourcecode.swift; path = SelectionViewController.swift; sourceTree = "<group>"; };
		F1FA0EB61CE63C2000C2D200 /* DeliDash.app */ = {isa = PBXFileReference; explicitFileType = wrapper.application; includeInIndex = 0; path = DeliDash.app; sourceTree = BUILT_PRODUCTS_DIR; };
/* End PBXFileReference section */

/* Begin PBXFrameworksBuildPhase section */
		F1FA0EB31CE63C2000C2D200 /* Frameworks */ = {
			isa = PBXFrameworksBuildPhase;
			buildActionMask = 2147483647;
			files = (
				32F3C7061DC6CAD600AB39B0 /* GoogleToolboxForMac.framework in Frameworks */,
				32F3C7051DC6CAD600AB39B0 /* GoogleSymbolUtilities.framework in Frameworks */,
				32F3C7021DC6CAD600AB39B0 /* FirebaseDatabase.framework in Frameworks */,
				32F3C7011DC6CAD600AB39B0 /* FirebaseCore.framework in Frameworks */,
				32F3C7001DC6CAD600AB39B0 /* FirebaseAnalytics.framework in Frameworks */,
				32F3C7031DC6CAD600AB39B0 /* FirebaseInstanceID.framework in Frameworks */,
				32F3C7041DC6CAD600AB39B0 /* GoogleInterchangeUtilities.framework in Frameworks */,
			);
			runOnlyForDeploymentPostprocessing = 0;
		};
/* End PBXFrameworksBuildPhase section */

/* Begin PBXGroup section */
		32F3C7081DC6CAE100AB39B0 /* Firebase */ = {
			isa = PBXGroup;
			children = (
				32F3C6F71DC6CAD600AB39B0 /* Firebase.h */,
				32F3C6F81DC6CAD600AB39B0 /* FirebaseAnalytics.framework */,
				32F3C6F91DC6CAD600AB39B0 /* FirebaseCore.framework */,
				32F3C6FA1DC6CAD600AB39B0 /* FirebaseDatabase.framework */,
				32F3C6FB1DC6CAD600AB39B0 /* FirebaseInstanceID.framework */,
				32F3C6FC1DC6CAD600AB39B0 /* GoogleInterchangeUtilities.framework */,
				32F3C6FD1DC6CAD600AB39B0 /* GoogleSymbolUtilities.framework */,
				32F3C6FE1DC6CAD600AB39B0 /* GoogleToolboxForMac.framework */,
				32F3C6FF1DC6CAD600AB39B0 /* module.modulemap */,
			);
			name = Firebase;
			sourceTree = "<group>";
		};
		F1FA0EAD1CE63C2000C2D200 = {
			isa = PBXGroup;
			children = (
				32F3C7081DC6CAE100AB39B0 /* Firebase */,
				F1FA0EB81CE63C2000C2D200 /* DeliDash */,
				F1FA0EB71CE63C2000C2D200 /* Products */,
				32F3C7091DC6CB4400AB39B0 /* DeliDash-Bridging-Header.h */,
			);
			sourceTree = "<group>";
		};
		F1FA0EB71CE63C2000C2D200 /* Products */ = {
			isa = PBXGroup;
			children = (
				F1FA0EB61CE63C2000C2D200 /* DeliDash.app */,
			);
			name = Products;
			sourceTree = "<group>";
		};
		F1FA0EB81CE63C2000C2D200 /* DeliDash */ = {
			isa = PBXGroup;
			children = (
				32F3C70C1DC6CBDD00AB39B0 /* AppDelegate.swift */,
				32F3C70D1DC6CBDD00AB39B0 /* Assets.xcassets */,
				32F3C70E1DC6CBDD00AB39B0 /* CheckoutViewController.swift */,
				32F3C70F1DC6CBDD00AB39B0 /* ChoiceViewController.swift */,
				32F3C7101DC6CBDD00AB39B0 /* GoogleService-Info.plist */,
				32F3C7111DC6CBDD00AB39B0 /* Info.plist */,
				32F3C7121DC6CBDD00AB39B0 /* LaunchScreen.storyboard */,
				32F3C7131DC6CBDD00AB39B0 /* Main.storyboard */,
				32F3C7141DC6CBDD00AB39B0 /* MenuViewController.swift */,
				32F3C7151DC6CBDD00AB39B0 /* Order.swift */,
				32F3C7161DC6CBDD00AB39B0 /* SelectionViewController.swift */,
			);
			path = DeliDash;
			sourceTree = "<group>";
			usesTabs = 0;
		};
/* End PBXGroup section */

/* Begin PBXNativeTarget section */
		F1FA0EB51CE63C2000C2D200 /* DeliDash */ = {
			isa = PBXNativeTarget;
			buildConfigurationList = F1FA0EDE1CE63C2000C2D200 /* Build configuration list for PBXNativeTarget "DeliDash" */;
			buildPhases = (
				F1FA0EB21CE63C2000C2D200 /* Sources */,
				F1FA0EB31CE63C2000C2D200 /* Frameworks */,
				F1FA0EB41CE63C2000C2D200 /* Resources */,
			);
			buildRules = (
			);
			dependencies = (
			);
			name = DeliDash;
			productName = DeliDash;
			productReference = F1FA0EB61CE63C2000C2D200 /* DeliDash.app */;
			productType = "com.apple.product-type.application";
		};
/* End PBXNativeTarget section */

/* Begin PBXProject section */
		F1FA0EAE1CE63C2000C2D200 /* Project object */ = {
			isa = PBXProject;
			attributes = {
				LastSwiftUpdateCheck = 0730;
				LastUpgradeCheck = 0810;
				ORGANIZATIONNAME = "Alexander Leininger and Thomas Barrett";
				TargetAttributes = {
					F1FA0EB51CE63C2000C2D200 = {
						CreatedOnToolsVersion = 7.3.1;
						LastSwiftMigration = 0800;
						ProvisioningStyle = Automatic;
					};
				};
			};
			buildConfigurationList = F1FA0EB11CE63C2000C2D200 /* Build configuration list for PBXProject "DeliDash" */;
			compatibilityVersion = "Xcode 8.0";
			developmentRegion = English;
			hasScannedForEncodings = 0;
			knownRegions = (
				en,
				Base,
			);
			mainGroup = F1FA0EAD1CE63C2000C2D200;
			productRefGroup = F1FA0EB71CE63C2000C2D200 /* Products */;
			projectDirPath = "";
			projectRoot = "";
			targets = (
				F1FA0EB51CE63C2000C2D200 /* DeliDash */,
			);
		};
/* End PBXProject section */

/* Begin PBXResourcesBuildPhase section */
		F1FA0EB41CE63C2000C2D200 /* Resources */ = {
			isa = PBXResourcesBuildPhase;
			buildActionMask = 2147483647;
			files = (
				32F3C7181DC6CBDD00AB39B0 /* Assets.xcassets in Resources */,
				32F3C71E1DC6CBDD00AB39B0 /* Main.storyboard in Resources */,
				32F3C71D1DC6CBDD00AB39B0 /* LaunchScreen.storyboard in Resources */,
				32F3C71B1DC6CBDD00AB39B0 /* GoogleService-Info.plist in Resources */,
			);
			runOnlyForDeploymentPostprocessing = 0;
		};
/* End PBXResourcesBuildPhase section */

/* Begin PBXSourcesBuildPhase section */
		F1FA0EB21CE63C2000C2D200 /* Sources */ = {
			isa = PBXSourcesBuildPhase;
			buildActionMask = 2147483647;
			files = (
				32F3C71A1DC6CBDD00AB39B0 /* ChoiceViewController.swift in Sources */,
				32F3C7211DC6CBDD00AB39B0 /* SelectionViewController.swift in Sources */,
				32F3C7191DC6CBDD00AB39B0 /* CheckoutViewController.swift in Sources */,
				32F3C7201DC6CBDD00AB39B0 /* Order.swift in Sources */,
				32F3C7171DC6CBDD00AB39B0 /* AppDelegate.swift in Sources */,
				32F3C71F1DC6CBDD00AB39B0 /* MenuViewController.swift in Sources */,
			);
			runOnlyForDeploymentPostprocessing = 0;
		};
/* End PBXSourcesBuildPhase section */

/* Begin XCBuildConfiguration section */
		F1FA0EDC1CE63C2000C2D200 /* Debug */ = {
			isa = XCBuildConfiguration;
			buildSettings = {
				ALWAYS_SEARCH_USER_PATHS = NO;
				CLANG_ANALYZER_NONNULL = YES;
				CLANG_CXX_LANGUAGE_STANDARD = "gnu++0x";
				CLANG_CXX_LIBRARY = "libc++";
				CLANG_ENABLE_MODULES = YES;
				CLANG_ENABLE_OBJC_ARC = YES;
				CLANG_WARN_BOOL_CONVERSION = YES;
				CLANG_WARN_CONSTANT_CONVERSION = YES;
				CLANG_WARN_DIRECT_OBJC_ISA_USAGE = YES_ERROR;
				CLANG_WARN_EMPTY_BODY = YES;
				CLANG_WARN_ENUM_CONVERSION = YES;
				CLANG_WARN_INFINITE_RECURSION = YES;
				CLANG_WARN_INT_CONVERSION = YES;
				CLANG_WARN_OBJC_ROOT_CLASS = YES_ERROR;
				CLANG_WARN_SUSPICIOUS_MOVE = YES;
				CLANG_WARN_UNREACHABLE_CODE = YES;
				CLANG_WARN__DUPLICATE_METHOD_MATCH = YES;
				CODE_SIGN_IDENTITY = "iPhone Distribution: Eric Leininger (G698BUQGHG)";
				"CODE_SIGN_IDENTITY[sdk=*]" = "iPhone Distribution: Eric Leininger (G698BUQGHG)";
				COPY_PHASE_STRIP = NO;
				DEBUG_INFORMATION_FORMAT = dwarf;
				ENABLE_STRICT_OBJC_MSGSEND = YES;
				ENABLE_TESTABILITY = YES;
				GCC_C_LANGUAGE_STANDARD = gnu99;
				GCC_DYNAMIC_NO_PIC = NO;
				GCC_NO_COMMON_BLOCKS = YES;
				GCC_OPTIMIZATION_LEVEL = 0;
				GCC_PREPROCESSOR_DEFINITIONS = (
					"DEBUG=1",
					"$(inherited)",
				);
				GCC_WARN_64_TO_32_BIT_CONVERSION = YES;
				GCC_WARN_ABOUT_RETURN_TYPE = YES_ERROR;
				GCC_WARN_UNDECLARED_SELECTOR = YES;
				GCC_WARN_UNINITIALIZED_AUTOS = YES_AGGRESSIVE;
				GCC_WARN_UNUSED_FUNCTION = YES;
				GCC_WARN_UNUSED_VARIABLE = YES;
				IPHONEOS_DEPLOYMENT_TARGET = 10.0;
				MTL_ENABLE_DEBUG_INFO = YES;
				ONLY_ACTIVE_ARCH = YES;
				OTHER_LDFLAGS = "-ObjC";
				SDKROOT = iphoneos;
				SWIFT_OPTIMIZATION_LEVEL = "-Onone";
			};
			name = Debug;
		};
		F1FA0EDD1CE63C2000C2D200 /* Release */ = {
			isa = XCBuildConfiguration;
			buildSettings = {
				ALWAYS_SEARCH_USER_PATHS = NO;
				CLANG_ANALYZER_NONNULL = YES;
				CLANG_CXX_LANGUAGE_STANDARD = "gnu++0x";
				CLANG_CXX_LIBRARY = "libc++";
				CLANG_ENABLE_MODULES = YES;
				CLANG_ENABLE_OBJC_ARC = YES;
				CLANG_WARN_BOOL_CONVERSION = YES;
				CLANG_WARN_CONSTANT_CONVERSION = YES;
				CLANG_WARN_DIRECT_OBJC_ISA_USAGE = YES_ERROR;
				CLANG_WARN_EMPTY_BODY = YES;
				CLANG_WARN_ENUM_CONVERSION = YES;
				CLANG_WARN_INFINITE_RECURSION = YES;
				CLANG_WARN_INT_CONVERSION = YES;
				CLANG_WARN_OBJC_ROOT_CLASS = YES_ERROR;
				CLANG_WARN_SUSPICIOUS_MOVE = YES;
				CLANG_WARN_UNREACHABLE_CODE = YES;
				CLANG_WARN__DUPLICATE_METHOD_MATCH = YES;
				CODE_SIGN_IDENTITY = "iPhone Distribution: Eric Leininger (G698BUQGHG)";
				"CODE_SIGN_IDENTITY[sdk=*]" = "iPhone Distribution: Eric Leininger (G698BUQGHG)";
				COPY_PHASE_STRIP = NO;
				DEBUG_INFORMATION_FORMAT = "dwarf-with-dsym";
				ENABLE_NS_ASSERTIONS = NO;
				ENABLE_STRICT_OBJC_MSGSEND = YES;
				GCC_C_LANGUAGE_STANDARD = gnu99;
				GCC_NO_COMMON_BLOCKS = YES;
				GCC_WARN_64_TO_32_BIT_CONVERSION = YES;
				GCC_WARN_ABOUT_RETURN_TYPE = YES_ERROR;
				GCC_WARN_UNDECLARED_SELECTOR = YES;
				GCC_WARN_UNINITIALIZED_AUTOS = YES_AGGRESSIVE;
				GCC_WARN_UNUSED_FUNCTION = YES;
				GCC_WARN_UNUSED_VARIABLE = YES;
				IPHONEOS_DEPLOYMENT_TARGET = 10.0;
				MTL_ENABLE_DEBUG_INFO = NO;
				ONLY_ACTIVE_ARCH = NO;
				OTHER_LDFLAGS = "-ObjC";
				SDKROOT = iphoneos;
				SWIFT_OPTIMIZATION_LEVEL = "-Owholemodule";
				VALIDATE_PRODUCT = YES;
			};
			name = Release;
		};
		F1FA0EDF1CE63C2000C2D200 /* Debug */ = {
			isa = XCBuildConfiguration;
			buildSettings = {
				ASSETCATALOG_COMPILER_APPICON_NAME = AppIcon;
				CLANG_ENABLE_MODULES = YES;
				CODE_SIGN_IDENTITY = "iPhone Distribution: Eric Leininger (G698BUQGHG)";
				"CODE_SIGN_IDENTITY[sdk=*]" = "iPhone Distribution: Eric Leininger (G698BUQGHG)";
				"CODE_SIGN_IDENTITY[sdk=iphoneos*]" = "iPhone Developer";
				DEVELOPMENT_TEAM = 55523JQQBA;
				FRAMEWORK_SEARCH_PATHS = (
					"$(inherited)",
					"$(PROJECT_DIR)",
					"$(PROJECT_DIR)/Firebase",
				);
				INFOPLIST_FILE = DeliDash/Info.plist;
				LD_RUNPATH_SEARCH_PATHS = "$(inherited) @executable_path/Frameworks";
				PRODUCT_BUNDLE_IDENTIFIER = com.delidash;
				PRODUCT_NAME = "$(TARGET_NAME)";
				PROVISIONING_PROFILE = "";
				PROVISIONING_PROFILE_SPECIFIER = "";
				SWIFT_OBJC_BRIDGING_HEADER = "DeliDash-Bridging-Header.h";
				SWIFT_OPTIMIZATION_LEVEL = "-Onone";
				SWIFT_VERSION = 3.0;
			};
			name = Debug;
		};
		F1FA0EE01CE63C2000C2D200 /* Release */ = {
			isa = XCBuildConfiguration;
			buildSettings = {
				ASSETCATALOG_COMPILER_APPICON_NAME = AppIcon;
				CLANG_ENABLE_MODULES = YES;
				CODE_SIGN_IDENTITY = "iPhone Distribution: Eric Leininger (G698BUQGHG)";
				"CODE_SIGN_IDENTITY[sdk=*]" = "iPhone Distribution: Eric Leininger (G698BUQGHG)";
				"CODE_SIGN_IDENTITY[sdk=iphoneos*]" = "iPhone Developer";
				DEVELOPMENT_TEAM = 55523JQQBA;
				FRAMEWORK_SEARCH_PATHS = (
					"$(inherited)",
					"$(PROJECT_DIR)",
					"$(PROJECT_DIR)/Firebase",
				);
				INFOPLIST_FILE = DeliDash/Info.plist;
				LD_RUNPATH_SEARCH_PATHS = "$(inherited) @executable_path/Frameworks";
				PRODUCT_BUNDLE_IDENTIFIER = com.delidash;
				PRODUCT_NAME = "$(TARGET_NAME)";
				PROVISIONING_PROFILE = "";
				PROVISIONING_PROFILE_SPECIFIER = "";
				SWIFT_OBJC_BRIDGING_HEADER = "DeliDash-Bridging-Header.h";
				SWIFT_VERSION = 3.0;
			};
			name = Release;
		};
/* End XCBuildConfiguration section */

/* Begin XCConfigurationList section */
		F1FA0EB11CE63C2000C2D200 /* Build configuration list for PBXProject "DeliDash" */ = {
			isa = XCConfigurationList;
			buildConfigurations = (
				F1FA0EDC1CE63C2000C2D200 /* Debug */,
				F1FA0EDD1CE63C2000C2D200 /* Release */,
			);
			defaultConfigurationIsVisible = 0;
			defaultConfigurationName = Release;
		};
		F1FA0EDE1CE63C2000C2D200 /* Build configuration list for PBXNativeTarget "DeliDash" */ = {
			isa = XCConfigurationList;
			buildConfigurations = (
				F1FA0EDF1CE63C2000C2D200 /* Debug */,
				F1FA0EE01CE63C2000C2D200 /* Release */,
			);
			defaultConfigurationIsVisible = 0;
			defaultConfigurationName = Release;
		};
/* End XCConfigurationList section */
	};
	rootObject = F1FA0EAE1CE63C2000C2D200 /* Project object */;
}
